# This file was autogenerated by uv via the following command:
#    uv pip compile requirements.in -o requirements.lock
certifi==2026.7.22
    # via requests
cffi==2.1.1
    # via cryptography
charset-normalizer==3.5.1
    # via requests
cryptography==50.0.1
    # via google-auth
google-auth==2.57.1
    # via -r requirements.in
idna==3.19
    # via requests
pyasn1==0.6.4
    # via pyasn1-modules
pyasn1-modules==0.4.2
    # via google-auth
pycparser==3.0
    # via cffi
requests==2.34.2
    # via -r requirements.in
urllib3==2.7.0
    # via requests
